
Microsoft Visual Studio Solution File, Format Version 12.00
# Visual Studio 15
VisualStudioVersion = 15.0.28010.2048
MinimumVisualStudioVersion = 10.0.40219.1
Project("{FAE04EC0-301F-11D3-BF4B-00C04F79EFBC}") = "ReverseAString", "ReverseAString\ReverseAString.csproj", "{6DF8437A-B087-49C4-80E1-5590D1B154F8}"
EndProject
Global
	GlobalSection(SolutionConfigurationPlatforms) = preSolution
		Debug|Any CPU = Debug|Any CPU
		Release|Any CPU = Release|Any CPU
	EndGlobalSection
	GlobalSection(ProjectConfigurationPlatforms) = postSolution
		{6DF8437A-B087-49C4-80E1-5590D1B154F8}.Debug|Any CPU.ActiveCfg = Debug|Any CPU
		{6DF8437A-B087-49C4-80E1-5590D1B154F8}.Debug|Any CPU.Build.0 = Debug|Any CPU
		{6DF8437A-B087-49C4-80E1-5590D1B154F8}.Release|Any CPU.ActiveCfg = Release|Any CPU
		{6DF8437A-B087-49C4-80E1-5590D1B154F8}.Release|Any CPU.Build.0 = Release|Any CPU
	EndGlobalSection
	GlobalSection(SolutionProperties) = preSolution
		HideSolutionNode = FALSE
	EndGlobalSection
	GlobalSection(ExtensibilityGlobals) = postSolution
		SolutionGuid = {B9A16775-9B65-4848-B12A-BC4528D741E9}
	EndGlobalSection
EndGlobal
